Microsoft Visual Studio Solution File, Format Version 12.00
# Visual Studio 15
VisualStudioVersion = 15.0.26403.7
MinimumVisualStudioVersion = 10.0.40219.1
Project("{9A19103F-16F7-4668-BE54-9A1E7A4F7556}") = "Seed.Domain", "Seed.Domain\Seed.Domain.csproj", "{D1795123-743A-402C-99A9-1CDC67D952FE}"
EndProject
Project("{9A19103F-16F7-4668-BE54-9A1E7A4F7556}") = "Seed.Application", "Seed.Application\Seed.Application.csproj", "{E61AA0A4-D003-4F10-83BB-A3D1C796BCF0}"
EndProject
Project("{9A19103F-16F7-4668-BE54-9A1E7A4F7556}") = "Seed.Data", "Seed.Data\Seed.Data.csproj", "{B4272680-A959-4D72-AF8C-B2F8CF350CFC}"
EndProject
Project("{2150E333-8FDC-42A3-9474-1A3956D46DE8}") = "1-Presentation", "1-Presentation", "{91C8C7A7-3DB0-421F-93AF-BC8DF5E33E82}"
EndProject
Project("{2150E333-8FDC-42A3-9474-1A3956D46DE8}") = "2-Services", "2-Services", "{01506581-984D-46F2-9FBC-46A2D16EFF48}"
EndProject
Project("{2150E333-8FDC-42A3-9474-1A3956D46DE8}") = "3-Application", "3-Application", "{899E6A3B-02C6-4E0B-AFB3-EE89736AD9DD}"
EndProject
Project("{2150E333-8FDC-42A3-9474-1A3956D46DE8}") = "4-Domain", "4-Domain", "{5B81A463-87C2-495D-BE17-A068AB3B63F3}"
EndProject
Project("{2150E333-8FDC-42A3-9474-1A3956D46DE8}") = "5-Infra", "5-Infra", "{D1796ED4-D82D-4B7A-ACB0-B5815835AAE2}"
EndProject
Project("{2150E333-8FDC-42A3-9474-1A3956D46DE8}") = "5.1-Data", "5.1-Data", "{A7AEF302-4634-4C66-9499-646CADA3A440}"
EndProject
Project("{2150E333-8FDC-42A3-9474-1A3956D46DE8}") = "5.2-CrossCuting", "5.2-CrossCuting", "{2198ED1E-7ECE-4B4F-8CB5-A47EBC9E1AC7}"
EndProject
Project("{2150E333-8FDC-42A3-9474-1A3956D46DE8}") = "5.3-Itens Solutions", "5.3-Itens Solutions", "{7FB95834-C78D-4F3B-965F-3B3962273055}"
	ProjectSection(SolutionItems) = preProject
		Itens Solutions\Common.dll = Itens Solutions\Common.dll
		Itens Solutions\Common.Domain.dll = Itens Solutions\Common.Domain.dll
		Itens Solutions\Common.Gen.dll = Itens Solutions\Common.Gen.dll
	EndProjectSection
EndProject
Project("{2150E333-8FDC-42A3-9474-1A3956D46DE8}") = "5.4-Common", "5.4-Common", "{AEB1EB69-6524-478E-8703-FCE614C79684}"
EndProject
Project("{9A19103F-16F7-4668-BE54-9A1E7A4F7556}") = "Common.Domain", "Common.Domain\Common.Domain.csproj", "{654FE8EA-635D-42A7-9740-B3487F2E5E4E}"
EndProject
Project("{9A19103F-16F7-4668-BE54-9A1E7A4F7556}") = "Common.Orm", "Common.Orm\Common.Orm.csproj", "{2F523C8C-FD56-497F-86DE-C648326BBE81}"
EndProject
Project("{9A19103F-16F7-4668-BE54-9A1E7A4F7556}") = "Seed.Domain.Filter", "Seed.Domain.Filter\Seed.Domain.Filter.csproj", "{B9B4561B-FB18-44E9-969B-F5BBF739A834}"
EndProject
Project("{9A19103F-16F7-4668-BE54-9A1E7A4F7556}") = "Common.Validation", "Common.Validation\Common.Validation.csproj", "{B3F6C0ED-7FDB-4F5E-85B1-CB21DBFD0FCA}"
EndProject
Project("{9A19103F-16F7-4668-BE54-9A1E7A4F7556}") = "Seed.Dto", "Seed.Dto\Seed.Dto.csproj", "{9C384565-590E-40F8-B164-7FEBC70D9748}"
EndProject
Project("{9A19103F-16F7-4668-BE54-9A1E7A4F7556}") = "Common.Cache", "Common.Cache\Common.Cache.csproj", "{B6C45D18-CECA-4A19-9C7D-703BC77BAD3F}"
EndProject
Project("{9A19103F-16F7-4668-BE54-9A1E7A4F7556}") = "Common.API", "Common.API\Common.API.csproj", "{FA512992-B65A-49E5-A8F8-F0C0DA393C26}"
EndProject
Project("{9A19103F-16F7-4668-BE54-9A1E7A4F7556}") = "Common.Dto", "Common.Dto\Common.Dto.csproj", "{5FA30077-6778-4BF6-A1C4-882A3DCA28D4}"
EndProject
Project("{2150E333-8FDC-42A3-9474-1A3956D46DE8}") = "6-Sso", "6-Sso", "{D780188B-A493-413E-945A-63737F76F071}"
EndProject
Project("{9A19103F-16F7-4668-BE54-9A1E7A4F7556}") = "Seed.Domain.Summary", "Seed.Domain.Summary\Seed.Domain.Summary.csproj", "{93F96FD6-694D-467D-B5D7-8153BD13EEB8}"
EndProject
Project("{2150E333-8FDC-42A3-9474-1A3956D46DE8}") = "7-Gerador", "7-Gerador", "{90C43D24-8915-4D2D-9989-7FC7A23A149B}"
EndProject
Project("{9A19103F-16F7-4668-BE54-9A1E7A4F7556}") = "Seed.Enums", "Seed.Enums\Seed.Enums.csproj", "{7A94D968-F876-4F73-B012-23B364B4D7FB}"
EndProject
Project("{2150E333-8FDC-42A3-9474-1A3956D46DE8}") = "Auth", "Auth", "{2710B70A-859B-4294-9BE3-A3F956A32306}"
EndProject
Project("{9A19103F-16F7-4668-BE54-9A1E7A4F7556}") = "Seed.Api", "Seed.Api\Seed.Api.csproj", "{770BD347-EAD4-4F88-883F-4557EE7589ED}"
EndProject
Project("{FAE04EC0-301F-11D3-BF4B-00C04F79EFBC}") = "Gerador.Gen", "Gerador.Gen\Gerador.Gen.csproj", "{C3284C19-9A3B-4D61-A6B0-7255D3B60E62}"
EndProject
Project("{E24C65DC-7377-472B-9ABA-BC803B73C61A}") = "Seed.Spa.Ui", "Seed.Spa.Ui\", "{8753AC64-12C8-4EAF-B14D-F7A86648F47A}"
	ProjectSection(WebsiteProperties) = preProject
		TargetFrameworkMoniker = ".NETFramework,Version%3Dv4.5.2"
		Debug.AspNetCompiler.VirtualPath = "/localhost_55109"
		Debug.AspNetCompiler.PhysicalPath = "Seed.Spa.Ui\"
		Debug.AspNetCompiler.TargetPath = "PrecompiledWeb\localhost_55109\"
		Debug.AspNetCompiler.Updateable = "true"
		Debug.AspNetCompiler.ForceOverwrite = "true"
		Debug.AspNetCompiler.FixedNames = "false"
		Debug.AspNetCompiler.Debug = "True"
		Release.AspNetCompiler.VirtualPath = "/localhost_55109"
		Release.AspNetCompiler.PhysicalPath = "Seed.Spa.Ui\"
		Release.AspNetCompiler.TargetPath = "PrecompiledWeb\localhost_55109\"
		Release.AspNetCompiler.Updateable = "true"
		Release.AspNetCompiler.ForceOverwrite = "true"
		Release.AspNetCompiler.FixedNames = "false"
		Release.AspNetCompiler.Debug = "False"
		VWDPort = "55109"
		SlnRelativePath = "Seed.Spa.Ui\"
		DefaultWebSiteLanguage = "Visual C#"
	EndProjectSection
EndProject
Project("{9A19103F-16F7-4668-BE54-9A1E7A4F7556}") = "Sso.Server.Api", "Sso.Server.Api\Sso.Server.Api.csproj", "{447B2001-82F4-4C7E-B0F8-4FC0B60B406B}"
EndProject
Project("{9A19103F-16F7-4668-BE54-9A1E7A4F7556}") = "Seed.CrossCuting", "Seed.CrossCuting\Seed.CrossCuting.csproj", "{B3127BAC-FEAD-4726-94BC-55E93491DA96}"
EndProject
Project("{9A19103F-16F7-4668-BE54-9A1E7A4F7556}") = "Seed.CrossCuting.Auth", "seed.CrossCuting.Auth\Seed.CrossCuting.Auth.csproj", "{1D0A1A37-8B0D-4B14-AC1E-1848764EFFC2}"
EndProject
Project("{9A19103F-16F7-4668-BE54-9A1E7A4F7556}") = "Common.Cripto", "Common.Cripto\Common.Cripto.csproj", "{3D044DA6-0DC2-404D-823B-1ABC23F33F76}"
EndProject
Global
	GlobalSection(SolutionConfigurationPlatforms) = preSolution
		Debug|Any CPU = Debug|Any CPU
		Release|Any CPU = Release|Any CPU
	EndGlobalSection
	GlobalSection(ProjectConfigurationPlatforms) = postSolution
		{D1795123-743A-402C-99A9-1CDC67D952FE}.Debug|Any CPU.ActiveCfg = Debug|Any CPU
		{D1795123-743A-402C-99A9-1CDC67D952FE}.Debug|Any CPU.Build.0 = Debug|Any CPU
		{D1795123-743A-402C-99A9-1CDC67D952FE}.Release|Any CPU.ActiveCfg = Release|Any CPU
		{D1795123-743A-402C-99A9-1CDC67D952FE}.Release|Any CPU.Build.0 = Release|Any CPU
		{E61AA0A4-D003-4F10-83BB-A3D1C796BCF0}.Debug|Any CPU.ActiveCfg = Debug|Any CPU
		{E61AA0A4-D003-4F10-83BB-A3D1C796BCF0}.Debug|Any CPU.Build.0 = Debug|Any CPU
		{E61AA0A4-D003-4F10-83BB-A3D1C796BCF0}.Release|Any CPU.ActiveCfg = Release|Any CPU
		{E61AA0A4-D003-4F10-83BB-A3D1C796BCF0}.Release|Any CPU.Build.0 = Release|Any CPU
		{B4272680-A959-4D72-AF8C-B2F8CF350CFC}.Debug|Any CPU.ActiveCfg = Debug|Any CPU
		{B4272680-A959-4D72-AF8C-B2F8CF350CFC}.Debug|Any CPU.Build.0 = Debug|Any CPU
		{B4272680-A959-4D72-AF8C-B2F8CF350CFC}.Release|Any CPU.ActiveCfg = Release|Any CPU
		{B4272680-A959-4D72-AF8C-B2F8CF350CFC}.Release|Any CPU.Build.0 = Release|Any CPU
		{654FE8EA-635D-42A7-9740-B3487F2E5E4E}.Debug|Any CPU.ActiveCfg = Debug|Any CPU
		{654FE8EA-635D-42A7-9740-B3487F2E5E4E}.Debug|Any CPU.Build.0 = Debug|Any CPU
		{654FE8EA-635D-42A7-9740-B3487F2E5E4E}.Release|Any CPU.ActiveCfg = Release|Any CPU
		{654FE8EA-635D-42A7-9740-B3487F2E5E4E}.Release|Any CPU.Build.0 = Release|Any CPU
		{2F523C8C-FD56-497F-86DE-C648326BBE81}.Debug|Any CPU.ActiveCfg = Debug|Any CPU
		{2F523C8C-FD56-497F-86DE-C648326BBE81}.Debug|Any CPU.Build.0 = Debug|Any CPU
		{2F523C8C-FD56-497F-86DE-C648326BBE81}.Release|Any CPU.ActiveCfg = Release|Any CPU
		{2F523C8C-FD56-497F-86DE-C648326BBE81}.Release|Any CPU.Build.0 = Release|Any CPU
		{B9B4561B-FB18-44E9-969B-F5BBF739A834}.Debug|Any CPU.ActiveCfg = Debug|Any CPU
		{B9B4561B-FB18-44E9-969B-F5BBF739A834}.Debug|Any CPU.Build.0 = Debug|Any CPU
		{B9B4561B-FB18-44E9-969B-F5BBF739A834}.Release|Any CPU.ActiveCfg = Release|Any CPU
		{B9B4561B-FB18-44E9-969B-F5BBF739A834}.Release|Any CPU.Build.0 = Release|Any CPU
		{B3F6C0ED-7FDB-4F5E-85B1-CB21DBFD0FCA}.Debug|Any CPU.ActiveCfg = Debug|Any CPU
		{B3F6C0ED-7FDB-4F5E-85B1-CB21DBFD0FCA}.Debug|Any CPU.Build.0 = Debug|Any CPU
		{B3F6C0ED-7FDB-4F5E-85B1-CB21DBFD0FCA}.Release|Any CPU.ActiveCfg = Release|Any CPU
		{B3F6C0ED-7FDB-4F5E-85B1-CB21DBFD0FCA}.Release|Any CPU.Build.0 = Release|Any CPU
		{9C384565-590E-40F8-B164-7FEBC70D9748}.Debug|Any CPU.ActiveCfg = Debug|Any CPU
		{9C384565-590E-40F8-B164-7FEBC70D9748}.Debug|Any CPU.Build.0 = Debug|Any CPU
		{9C384565-590E-40F8-B164-7FEBC70D9748}.Release|Any CPU.ActiveCfg = Release|Any CPU
		{9C384565-590E-40F8-B164-7FEBC70D9748}.Release|Any CPU.Build.0 = Release|Any CPU
		{B6C45D18-CECA-4A19-9C7D-703BC77BAD3F}.Debug|Any CPU.ActiveCfg = Debug|Any CPU
		{B6C45D18-CECA-4A19-9C7D-703BC77BAD3F}.Debug|Any CPU.Build.0 = Debug|Any CPU
		{B6C45D18-CECA-4A19-9C7D-703BC77BAD3F}.Release|Any CPU.ActiveCfg = Release|Any CPU
		{B6C45D18-CECA-4A19-9C7D-703BC77BAD3F}.Release|Any CPU.Build.0 = Release|Any CPU
		{FA512992-B65A-49E5-A8F8-F0C0DA393C26}.Debug|Any CPU.ActiveCfg = Debug|Any CPU
		{FA512992-B65A-49E5-A8F8-F0C0DA393C26}.Debug|Any CPU.Build.0 = Debug|Any CPU
		{FA512992-B65A-49E5-A8F8-F0C0DA393C26}.Release|Any CPU.ActiveCfg = Release|Any CPU
		{FA512992-B65A-49E5-A8F8-F0C0DA393C26}.Release|Any CPU.Build.0 = Release|Any CPU
		{5FA30077-6778-4BF6-A1C4-882A3DCA28D4}.Debug|Any CPU.ActiveCfg = Debug|Any CPU
		{5FA30077-6778-4BF6-A1C4-882A3DCA28D4}.Debug|Any CPU.Build.0 = Debug|Any CPU
		{5FA30077-6778-4BF6-A1C4-882A3DCA28D4}.Release|Any CPU.ActiveCfg = Release|Any CPU
		{5FA30077-6778-4BF6-A1C4-882A3DCA28D4}.Release|Any CPU.Build.0 = Release|Any CPU
		{93F96FD6-694D-467D-B5D7-8153BD13EEB8}.Debug|Any CPU.ActiveCfg = Debug|Any CPU
		{93F96FD6-694D-467D-B5D7-8153BD13EEB8}.Debug|Any CPU.Build.0 = Debug|Any CPU
		{93F96FD6-694D-467D-B5D7-8153BD13EEB8}.Release|Any CPU.ActiveCfg = Release|Any CPU
		{93F96FD6-694D-467D-B5D7-8153BD13EEB8}.Release|Any CPU.Build.0 = Release|Any CPU
		{7A94D968-F876-4F73-B012-23B364B4D7FB}.Debug|Any CPU.ActiveCfg = Debug|Any CPU
		{7A94D968-F876-4F73-B012-23B364B4D7FB}.Debug|Any CPU.Build.0 = Debug|Any CPU
		{7A94D968-F876-4F73-B012-23B364B4D7FB}.Release|Any CPU.ActiveCfg = Release|Any CPU
		{7A94D968-F876-4F73-B012-23B364B4D7FB}.Release|Any CPU.Build.0 = Release|Any CPU
		{770BD347-EAD4-4F88-883F-4557EE7589ED}.Debug|Any CPU.ActiveCfg = Debug|Any CPU
		{770BD347-EAD4-4F88-883F-4557EE7589ED}.Debug|Any CPU.Build.0 = Debug|Any CPU
		{770BD347-EAD4-4F88-883F-4557EE7589ED}.Release|Any CPU.ActiveCfg = Release|Any CPU
		{770BD347-EAD4-4F88-883F-4557EE7589ED}.Release|Any CPU.Build.0 = Release|Any CPU
		{C3284C19-9A3B-4D61-A6B0-7255D3B60E62}.Debug|Any CPU.ActiveCfg = Debug|Any CPU
		{C3284C19-9A3B-4D61-A6B0-7255D3B60E62}.Debug|Any CPU.Build.0 = Debug|Any CPU
		{C3284C19-9A3B-4D61-A6B0-7255D3B60E62}.Release|Any CPU.ActiveCfg = Release|Any CPU
		{C3284C19-9A3B-4D61-A6B0-7255D3B60E62}.Release|Any CPU.Build.0 = Release|Any CPU
		{8753AC64-12C8-4EAF-B14D-F7A86648F47A}.Debug|Any CPU.ActiveCfg = Debug|Any CPU
		{8753AC64-12C8-4EAF-B14D-F7A86648F47A}.Release|Any CPU.ActiveCfg = Debug|Any CPU
		{8753AC64-12C8-4EAF-B14D-F7A86648F47A}.Release|Any CPU.Build.0 = Debug|Any CPU
		{447B2001-82F4-4C7E-B0F8-4FC0B60B406B}.Debug|Any CPU.ActiveCfg = Debug|Any CPU
		{447B2001-82F4-4C7E-B0F8-4FC0B60B406B}.Debug|Any CPU.Build.0 = Debug|Any CPU
		{447B2001-82F4-4C7E-B0F8-4FC0B60B406B}.Release|Any CPU.ActiveCfg = Release|Any CPU
		{447B2001-82F4-4C7E-B0F8-4FC0B60B406B}.Release|Any CPU.Build.0 = Release|Any CPU
		{B3127BAC-FEAD-4726-94BC-55E93491DA96}.Debug|Any CPU.ActiveCfg = Debug|Any CPU
		{B3127BAC-FEAD-4726-94BC-55E93491DA96}.Debug|Any CPU.Build.0 = Debug|Any CPU
		{B3127BAC-FEAD-4726-94BC-55E93491DA96}.Release|Any CPU.ActiveCfg = Release|Any CPU
		{B3127BAC-FEAD-4726-94BC-55E93491DA96}.Release|Any CPU.Build.0 = Release|Any CPU
		{1D0A1A37-8B0D-4B14-AC1E-1848764EFFC2}.Debug|Any CPU.ActiveCfg = Debug|Any CPU
		{1D0A1A37-8B0D-4B14-AC1E-1848764EFFC2}.Debug|Any CPU.Build.0 = Debug|Any CPU
		{1D0A1A37-8B0D-4B14-AC1E-1848764EFFC2}.Release|Any CPU.ActiveCfg = Release|Any CPU
		{1D0A1A37-8B0D-4B14-AC1E-1848764EFFC2}.Release|Any CPU.Build.0 = Release|Any CPU
		{3D044DA6-0DC2-404D-823B-1ABC23F33F76}.Debug|Any CPU.ActiveCfg = Debug|Any CPU
		{3D044DA6-0DC2-404D-823B-1ABC23F33F76}.Debug|Any CPU.Build.0 = Debug|Any CPU
		{3D044DA6-0DC2-404D-823B-1ABC23F33F76}.Release|Any CPU.ActiveCfg = Release|Any CPU
		{3D044DA6-0DC2-404D-823B-1ABC23F33F76}.Release|Any CPU.Build.0 = Release|Any CPU
	EndGlobalSection
	GlobalSection(SolutionProperties) = preSolution
		HideSolutionNode = FALSE
	EndGlobalSection
	GlobalSection(NestedProjects) = preSolution
		{D1795123-743A-402C-99A9-1CDC67D952FE} = {5B81A463-87C2-495D-BE17-A068AB3B63F3}
		{E61AA0A4-D003-4F10-83BB-A3D1C796BCF0} = {899E6A3B-02C6-4E0B-AFB3-EE89736AD9DD}
		{B4272680-A959-4D72-AF8C-B2F8CF350CFC} = {A7AEF302-4634-4C66-9499-646CADA3A440}
		{A7AEF302-4634-4C66-9499-646CADA3A440} = {D1796ED4-D82D-4B7A-ACB0-B5815835AAE2}
		{2198ED1E-7ECE-4B4F-8CB5-A47EBC9E1AC7} = {D1796ED4-D82D-4B7A-ACB0-B5815835AAE2}
		{7FB95834-C78D-4F3B-965F-3B3962273055} = {D1796ED4-D82D-4B7A-ACB0-B5815835AAE2}
		{AEB1EB69-6524-478E-8703-FCE614C79684} = {D1796ED4-D82D-4B7A-ACB0-B5815835AAE2}
		{654FE8EA-635D-42A7-9740-B3487F2E5E4E} = {AEB1EB69-6524-478E-8703-FCE614C79684}
		{2F523C8C-FD56-497F-86DE-C648326BBE81} = {AEB1EB69-6524-478E-8703-FCE614C79684}
		{B9B4561B-FB18-44E9-969B-F5BBF739A834} = {5B81A463-87C2-495D-BE17-A068AB3B63F3}
		{B3F6C0ED-7FDB-4F5E-85B1-CB21DBFD0FCA} = {AEB1EB69-6524-478E-8703-FCE614C79684}
		{9C384565-590E-40F8-B164-7FEBC70D9748} = {899E6A3B-02C6-4E0B-AFB3-EE89736AD9DD}
		{B6C45D18-CECA-4A19-9C7D-703BC77BAD3F} = {AEB1EB69-6524-478E-8703-FCE614C79684}
		{FA512992-B65A-49E5-A8F8-F0C0DA393C26} = {AEB1EB69-6524-478E-8703-FCE614C79684}
		{5FA30077-6778-4BF6-A1C4-882A3DCA28D4} = {AEB1EB69-6524-478E-8703-FCE614C79684}
		{93F96FD6-694D-467D-B5D7-8153BD13EEB8} = {5B81A463-87C2-495D-BE17-A068AB3B63F3}
		{7A94D968-F876-4F73-B012-23B364B4D7FB} = {5B81A463-87C2-495D-BE17-A068AB3B63F3}
		{2710B70A-859B-4294-9BE3-A3F956A32306} = {D780188B-A493-413E-945A-63737F76F071}
		{770BD347-EAD4-4F88-883F-4557EE7589ED} = {01506581-984D-46F2-9FBC-46A2D16EFF48}
		{C3284C19-9A3B-4D61-A6B0-7255D3B60E62} = {90C43D24-8915-4D2D-9989-7FC7A23A149B}
		{8753AC64-12C8-4EAF-B14D-F7A86648F47A} = {91C8C7A7-3DB0-421F-93AF-BC8DF5E33E82}
		{447B2001-82F4-4C7E-B0F8-4FC0B60B406B} = {2710B70A-859B-4294-9BE3-A3F956A32306}
		{B3127BAC-FEAD-4726-94BC-55E93491DA96} = {2198ED1E-7ECE-4B4F-8CB5-A47EBC9E1AC7}
		{1D0A1A37-8B0D-4B14-AC1E-1848764EFFC2} = {2198ED1E-7ECE-4B4F-8CB5-A47EBC9E1AC7}
		{3D044DA6-0DC2-404D-823B-1ABC23F33F76} = {AEB1EB69-6524-478E-8703-FCE614C79684}
	EndGlobalSection
EndGlobal
